
Microsoft Visual Studio Solution File, Format Version 12.00
# Visual Studio 15
VisualStudioVersion = 15.0.27428.2027
MinimumVisualStudioVersion = 10.0.40219.1
Project("{9A19103F-16F7-4668-BE54-9A1E7A4F7556}") = "GameWeb", "GameWeb\GameWeb.csproj", "{BE2E4539-6A9D-4F03-A716-92D01ED01817}"
EndProject
Project("{FAE04EC0-301F-11D3-BF4B-00C04F79EFBC}") = "GameWeb.UnitTests", "GameWeb.UnitTests\GameWeb.UnitTests.csproj", "{5A85510B-432B-4BD5-8D55-98668C8AAFA2}"
EndProject
Global
	GlobalSection(SolutionConfigurationPlatforms) = preSolution
		Debug|Any CPU = Debug|Any CPU
		Release|Any CPU = Release|Any CPU
	EndGlobalSection
	GlobalSection(ProjectConfigurationPlatforms) = postSolution
		{BE2E4539-6A9D-4F03-A716-92D01ED01817}.Debug|Any CPU.ActiveCfg = Debug|Any CPU
		{BE2E4539-6A9D-4F03-A716-92D01ED01817}.Debug|Any CPU.Build.0 = Debug|Any CPU
		{BE2E4539-6A9D-4F03-A716-92D01ED01817}.Release|Any CPU.ActiveCfg = Release|Any CPU
		{BE2E4539-6A9D-4F03-A716-92D01ED01817}.Release|Any CPU.Build.0 = Release|Any CPU
		{5A85510B-432B-4BD5-8D55-98668C8AAFA2}.Debug|Any CPU.ActiveCfg = Debug|Any CPU
		{5A85510B-432B-4BD5-8D55-98668C8AAFA2}.Debug|Any CPU.Build.0 = Debug|Any CPU
		{5A85510B-432B-4BD5-8D55-98668C8AAFA2}.Release|Any CPU.ActiveCfg = Release|Any CPU
		{5A85510B-432B-4BD5-8D55-98668C8AAFA2}.Release|Any CPU.Build.0 = Release|Any CPU
	EndGlobalSection
	GlobalSection(SolutionProperties) = preSolution
		HideSolutionNode = FALSE
	EndGlobalSection
	GlobalSection(ExtensibilityGlobals) = postSolution
		SolutionGuid = {DB9F4283-7961-4F76-B306-330A234F033D}
	EndGlobalSection
EndGlobal
